// !$*UTF8*$!
{
	archiveVersion = 1;
	classes = {
	};
	objectVersion = 51;
	objects = {

/* Begin PBXBuildFile section */
		B619A4B09A468F4954CF9726 /* Pods_H264DecodeFromFile.framework in Frameworks */ = {isa = PBXBuildFile; fileRef = B8F7474393637F402F2C94CB /* Pods_H264DecodeFromFile.framework */; };
		F81A86B42463D89C00E7CDBC /* TCPClientVideo.swift in Sources */ = {isa = PBXBuildFile; fileRef = F81A86B32463D89C00E7CDBC /* TCPClientVideo.swift */; };
		F81A86DD2464FC7800E7CDBC /* TCPClient.swift in Sources */ = {isa = PBXBuildFile; fileRef = F81A86DC2464FC7800E7CDBC /* TCPClient.swift */; };
		F81A86DF246501E100E7CDBC /* TCPRTPParser.swift in Sources */ = {isa = PBXBuildFile; fileRef = F81A86DE246501E100E7CDBC /* TCPRTPParser.swift */; };
		F81A86E12465335300E7CDBC /* TCPStreamProcessor.swift in Sources */ = {isa = PBXBuildFile; fileRef = F81A86E02465335300E7CDBC /* TCPStreamProcessor.swift */; };
		F853AED42452CCEE0037DDED /* AppDelegate.swift in Sources */ = {isa = PBXBuildFile; fileRef = F853AED32452CCEE0037DDED /* AppDelegate.swift */; };
		F853AED62452CCEE0037DDED /* SceneDelegate.swift in Sources */ = {isa = PBXBuildFile; fileRef = F853AED52452CCEE0037DDED /* SceneDelegate.swift */; };
		F853AED82452CCEE0037DDED /* ViewController.swift in Sources */ = {isa = PBXBuildFile; fileRef = F853AED72452CCEE0037DDED /* ViewController.swift */; };
		F853AEDB2452CCEE0037DDED /* Main.storyboard in Resources */ = {isa = PBXBuildFile; fileRef = F853AED92452CCEE0037DDED /* Main.storyboard */; };
		F853AEDD2452CCF30037DDED /* Assets.xcassets in Resources */ = {isa = PBXBuildFile; fileRef = F853AEDC2452CCF30037DDED /* Assets.xcassets */; };
		F853AEE02452CCF30037DDED /* LaunchScreen.storyboard in Resources */ = {isa = PBXBuildFile; fileRef = F853AEDE2452CCF30037DDED /* LaunchScreen.storyboard */; };
		F853AEE82452CD170037DDED /* VideoFileReader.swift in Sources */ = {isa = PBXBuildFile; fileRef = F853AEE72452CD170037DDED /* VideoFileReader.swift */; };
		F853AEEA2452CE150037DDED /* mtv.h264 in Resources */ = {isa = PBXBuildFile; fileRef = F853AEE92452CE150037DDED /* mtv.h264 */; };
		F853AEEF2452CE440037DDED /* H264.h264 in Resources */ = {isa = PBXBuildFile; fileRef = F853AEEC2452CE430037DDED /* H264.h264 */; };
		F853AEF02452CE440037DDED /* nature.h264 in Resources */ = {isa = PBXBuildFile; fileRef = F853AEED2452CE440037DDED /* nature.h264 */; };
		F8C1A8F724568B6F00EA9564 /* TCPClientBCK.swift in Sources */ = {isa = PBXBuildFile; fileRef = F8C1A8F624568B6F00EA9564 /* TCPClientBCK.swift */; };
		F8C1A8F924568B8200EA9564 /* UDPServer.swift in Sources */ = {isa = PBXBuildFile; fileRef = F8C1A8F824568B8200EA9564 /* UDPServer.swift */; };
		F8C1A8FB24568B9600EA9564 /* Connection.swift in Sources */ = {isa = PBXBuildFile; fileRef = F8C1A8FA24568B9600EA9564 /* Connection.swift */; };
		F8C1A9012457DA5400EA9564 /* RTPParser.swift in Sources */ = {isa = PBXBuildFile; fileRef = F8C1A9002457DA5400EA9564 /* RTPParser.swift */; };
		F8C1A9032457DA9900EA9564 /* TransportDelegate.swift in Sources */ = {isa = PBXBuildFile; fileRef = F8C1A9022457DA9900EA9564 /* TransportDelegate.swift */; };
		F8C1A9052457F40000EA9564 /* RTPPacket.swift in Sources */ = {isa = PBXBuildFile; fileRef = F8C1A9042457F40000EA9564 /* RTPPacket.swift */; };
		F8C1A90B2457F82500EA9564 /* HexPrinter.swift in Sources */ = {isa = PBXBuildFile; fileRef = F8C1A90A2457F82500EA9564 /* HexPrinter.swift */; };
		F8C1A90D2457FB1400EA9564 /* RTPPacketDelegate.swift in Sources */ = {isa = PBXBuildFile; fileRef = F8C1A90C2457FB1400EA9564 /* RTPPacketDelegate.swift */; };
		F8C1A90F2457FC2D00EA9564 /* ByteUtil.swift in Sources */ = {isa = PBXBuildFile; fileRef = F8C1A90E2457FC2D00EA9564 /* ByteUtil.swift */; };
		F8C1A9222458003F00EA9564 /* Server.swift in Sources */ = {isa = PBXBuildFile; fileRef = F8C1A9212458003F00EA9564 /* Server.swift */; };
		F8C1A92424580A6800EA9564 /* AVCDefragmenter.swift in Sources */ = {isa = PBXBuildFile; fileRef = F8C1A92324580A6800EA9564 /* AVCDefragmenter.swift */; };
		F8C1A92C24580A9200EA9564 /* AVCNALUFragment.swift in Sources */ = {isa = PBXBuildFile; fileRef = F8C1A92524580A9200EA9564 /* AVCNALUFragment.swift */; };
		F8C1A92E24580A9200EA9564 /* AVCNALUnit.swift in Sources */ = {isa = PBXBuildFile; fileRef = F8C1A92724580A9200EA9564 /* AVCNALUnit.swift */; };
		F8C1A92F24580A9200EA9564 /* FragmentedNALUnit.swift in Sources */ = {isa = PBXBuildFile; fileRef = F8C1A92824580A9200EA9564 /* FragmentedNALUnit.swift */; };
		F8C1A93124580A9200EA9564 /* NALUnit.swift in Sources */ = {isa = PBXBuildFile; fileRef = F8C1A92A24580A9200EA9564 /* NALUnit.swift */; };
		F8C1A93424580ACD00EA9564 /* VideoDecoderDelegate.swift in Sources */ = {isa = PBXBuildFile; fileRef = F8C1A93324580ACD00EA9564 /* VideoDecoderDelegate.swift */; };
		F8C1A940245BDECA00EA9564 /* out.h264 in Resources */ = {isa = PBXBuildFile; fileRef = F8C1A93F245BDECA00EA9564 /* out.h264 */; };
/* End PBXBuildFile section */

/* Begin PBXFileReference section */
		36C976C2DED4C895C6C72B68 /* Pods-H264DecodeFromFile.debug.xcconfig */ = {isa = PBXFileReference; includeInIndex = 1; lastKnownFileType = text.xcconfig; name = "Pods-H264DecodeFromFile.debug.xcconfig"; path = "Target Support Files/Pods-H264DecodeFromFile/Pods-H264DecodeFromFile.debug.xcconfig"; sourceTree = "<group>"; };
		AE4491FEFC9055749413AFA7 /* Pods-H264DecodeFromFile.release.xcconfig */ = {isa = PBXFileReference; includeInIndex = 1; lastKnownFileType = text.xcconfig; name = "Pods-H264DecodeFromFile.release.xcconfig"; path = "Target Support Files/Pods-H264DecodeFromFile/Pods-H264DecodeFromFile.release.xcconfig"; sourceTree = "<group>"; };
		B8F7474393637F402F2C94CB /* Pods_H264DecodeFromFile.framework */ = {isa = PBXFileReference; explicitFileType = wrapper.framework; includeInIndex = 0; path = Pods_H264DecodeFromFile.framework; sourceTree = BUILT_PRODUCTS_DIR; };
		F81A86B32463D89C00E7CDBC /* TCPClientVideo.swift */ = {isa = PBXFileReference; lastKnownFileType = sourcecode.swift; path = TCPClientVideo.swift; sourceTree = "<group>"; };
		F81A86DC2464FC7800E7CDBC /* TCPClient.swift */ = {isa = PBXFileReference; fileEncoding = 4; lastKnownFileType = sourcecode.swift; path = TCPClient.swift; sourceTree = "<group>"; };
		F81A86DE246501E100E7CDBC /* TCPRTPParser.swift */ = {isa = PBXFileReference; lastKnownFileType = sourcecode.swift; path = TCPRTPParser.swift; sourceTree = "<group>"; };
		F81A86E02465335300E7CDBC /* TCPStreamProcessor.swift */ = {isa = PBXFileReference; lastKnownFileType = sourcecode.swift; path = TCPStreamProcessor.swift; sourceTree = "<group>"; };
		F853AED02452CCEE0037DDED /* H264DecodeFromFile.app */ = {isa = PBXFileReference; explicitFileType = wrapper.application; includeInIndex = 0; path = H264DecodeFromFile.app; sourceTree = BUILT_PRODUCTS_DIR; };
		F853AED32452CCEE0037DDED /* AppDelegate.swift */ = {isa = PBXFileReference; lastKnownFileType = sourcecode.swift; path = AppDelegate.swift; sourceTree = "<group>"; };
		F853AED52452CCEE0037DDED /* SceneDelegate.swift */ = {isa = PBXFileReference; lastKnownFileType = sourcecode.swift; path = SceneDelegate.swift; sourceTree = "<group>"; };
		F853AED72452CCEE0037DDED /* ViewController.swift */ = {isa = PBXFileReference; lastKnownFileType = sourcecode.swift; path = ViewController.swift; sourceTree = "<group>"; };
		F853AEDA2452CCEE0037DDED /* Base */ = {isa = PBXFileReference; lastKnownFileType = file.storyboard; name = Base; path = Base.lproj/Main.storyboard; sourceTree = "<group>"; };
		F853AEDC2452CCF30037DDED /* Assets.xcassets */ = {isa = PBXFileReference; lastKnownFileType = folder.assetcatalog; path = Assets.xcassets; sourceTree = "<group>"; };
		F853AEDF2452CCF30037DDED /* Base */ = {isa = PBXFileReference; lastKnownFileType = file.storyboard; name = Base; path = Base.lproj/LaunchScreen.storyboard; sourceTree = "<group>"; };
		F853AEE12452CCF30037DDED /* Info.plist */ = {isa = PBXFileReference; lastKnownFileType = text.plist.xml; path = Info.plist; sourceTree = "<group>"; };
		F853AEE72452CD170037DDED /* VideoFileReader.swift */ = {isa = PBXFileReference; fileEncoding = 4; lastKnownFileType = sourcecode.swift; path = VideoFileReader.swift; sourceTree = "<group>"; };
		F853AEE92452CE150037DDED /* mtv.h264 */ = {isa = PBXFileReference; lastKnownFileType = file; path = mtv.h264; sourceTree = "<group>"; };
		F853AEEC2452CE430037DDED /* H264.h264 */ = {isa = PBXFileReference; lastKnownFileType = file; path = H264.h264; sourceTree = "<group>"; };
		F853AEED2452CE440037DDED /* nature.h264 */ = {isa = PBXFileReference; lastKnownFileType = file; path = nature.h264; sourceTree = "<group>"; };
		F8C1A8F624568B6F00EA9564 /* TCPClientBCK.swift */ = {isa = PBXFileReference; lastKnownFileType = sourcecode.swift; path = TCPClientBCK.swift; sourceTree = "<group>"; };
		F8C1A8F824568B8200EA9564 /* UDPServer.swift */ = {isa = PBXFileReference; lastKnownFileType = sourcecode.swift; path = UDPServer.swift; sourceTree = "<group>"; };
		F8C1A8FA24568B9600EA9564 /* Connection.swift */ = {isa = PBXFileReference; lastKnownFileType = sourcecode.swift; path = Connection.swift; sourceTree = "<group>"; };
		F8C1A9002457DA5400EA9564 /* RTPParser.swift */ = {isa = PBXFileReference; lastKnownFileType = sourcecode.swift; path = RTPParser.swift; sourceTree = "<group>"; };
		F8C1A9022457DA9900EA9564 /* TransportDelegate.swift */ = {isa = PBXFileReference; lastKnownFileType = sourcecode.swift; path = TransportDelegate.swift; sourceTree = "<group>"; };
		F8C1A9042457F40000EA9564 /* RTPPacket.swift */ = {isa = PBXFileReference; fileEncoding = 4; lastKnownFileType = sourcecode.swift; path = RTPPacket.swift; sourceTree = "<group>"; };
		F8C1A90A2457F82500EA9564 /* HexPrinter.swift */ = {isa = PBXFileReference; lastKnownFileType = sourcecode.swift; path = HexPrinter.swift; sourceTree = "<group>"; };
		F8C1A90C2457FB1400EA9564 /* RTPPacketDelegate.swift */ = {isa = PBXFileReference; lastKnownFileType = sourcecode.swift; path = RTPPacketDelegate.swift; sourceTree = "<group>"; };
		F8C1A90E2457FC2D00EA9564 /* ByteUtil.swift */ = {isa = PBXFileReference; fileEncoding = 4; lastKnownFileType = sourcecode.swift; path = ByteUtil.swift; sourceTree = "<group>"; };
		F8C1A9212458003F00EA9564 /* Server.swift */ = {isa = PBXFileReference; lastKnownFileType = sourcecode.swift; path = Server.swift; sourceTree = "<group>"; };
		F8C1A92324580A6800EA9564 /* AVCDefragmenter.swift */ = {isa = PBXFileReference; fileEncoding = 4; lastKnownFileType = sourcecode.swift; path = AVCDefragmenter.swift; sourceTree = "<group>"; };
		F8C1A92524580A9200EA9564 /* AVCNALUFragment.swift */ = {isa = PBXFileReference; fileEncoding = 4; lastKnownFileType = sourcecode.swift; path = AVCNALUFragment.swift; sourceTree = "<group>"; };
		F8C1A92724580A9200EA9564 /* AVCNALUnit.swift */ = {isa = PBXFileReference; fileEncoding = 4; lastKnownFileType = sourcecode.swift; path = AVCNALUnit.swift; sourceTree = "<group>"; };
		F8C1A92824580A9200EA9564 /* FragmentedNALUnit.swift */ = {isa = PBXFileReference; fileEncoding = 4; lastKnownFileType = sourcecode.swift; path = FragmentedNALUnit.swift; sourceTree = "<group>"; };
		F8C1A92A24580A9200EA9564 /* NALUnit.swift */ = {isa = PBXFileReference; fileEncoding = 4; lastKnownFileType = sourcecode.swift; path = NALUnit.swift; sourceTree = "<group>"; };
		F8C1A93324580ACD00EA9564 /* VideoDecoderDelegate.swift */ = {isa = PBXFileReference; lastKnownFileType = sourcecode.swift; path = VideoDecoderDelegate.swift; sourceTree = "<group>"; };
		F8C1A93F245BDECA00EA9564 /* out.h264 */ = {isa = PBXFileReference; lastKnownFileType = file; path = out.h264; sourceTree = "<group>"; };
/* End PBXFileReference section */

/* Begin PBXFrameworksBuildPhase section */
		F853AECD2452CCEE0037DDED /* Frameworks */ = {
			isa = PBXFrameworksBuildPhase;
			buildActionMask = 2147483647;
			files = (
				B619A4B09A468F4954CF9726 /* Pods_H264DecodeFromFile.framework in Frameworks */,
			);
			runOnlyForDeploymentPostprocessing = 0;
		};
/* End PBXFrameworksBuildPhase section */

/* Begin PBXGroup section */
		23B1FC0D9F307E2A23B49DDF /* Frameworks */ = {
			isa = PBXGroup;
			children = (
				B8F7474393637F402F2C94CB /* Pods_H264DecodeFromFile.framework */,
			);
			name = Frameworks;
			sourceTree = "<group>";
		};
		F853AEC72452CCEE0037DDED = {
			isa = PBXGroup;
			children = (
				F853AED22452CCEE0037DDED /* H264DecodeFromFile */,
				F853AED12452CCEE0037DDED /* Products */,
				F89F0ECE95CD141F20598DAF /* Pods */,
				23B1FC0D9F307E2A23B49DDF /* Frameworks */,
			);
			sourceTree = "<group>";
		};
		F853AED12452CCEE0037DDED /* Products */ = {
			isa = PBXGroup;
			children = (
				F853AED02452CCEE0037DDED /* H264DecodeFromFile.app */,
			);
			name = Products;
			sourceTree = "<group>";
		};
		F853AED22452CCEE0037DDED /* H264DecodeFromFile */ = {
			isa = PBXGroup;
			children = (
				F8C1A9062457F44700EA9564 /* Delegates */,
				F8C1A9102457FCBE00EA9564 /* Video */,
				F8C1A8FF2457DA2C00EA9564 /* RTP */,
				F8C1A8FC2457BF2700EA9564 /* Utils */,
				F8C1A8F524568B3B00EA9564 /* Network */,
				F853AEEC2452CE430037DDED /* H264.h264 */,
				F8C1A93F245BDECA00EA9564 /* out.h264 */,
				F853AEED2452CE440037DDED /* nature.h264 */,
				F853AEE92452CE150037DDED /* mtv.h264 */,
				F853AED32452CCEE0037DDED /* AppDelegate.swift */,
				F853AED52452CCEE0037DDED /* SceneDelegate.swift */,
				F853AED72452CCEE0037DDED /* ViewController.swift */,
				F853AEE72452CD170037DDED /* VideoFileReader.swift */,
				F853AED92452CCEE0037DDED /* Main.storyboard */,
				F853AEDC2452CCF30037DDED /* Assets.xcassets */,
				F853AEDE2452CCF30037DDED /* LaunchScreen.storyboard */,
				F853AEE12452CCF30037DDED /* Info.plist */,
			);
			path = H264DecodeFromFile;
			sourceTree = "<group>";
		};
		F89F0ECE95CD141F20598DAF /* Pods */ = {
			isa = PBXGroup;
			children = (
				36C976C2DED4C895C6C72B68 /* Pods-H264DecodeFromFile.debug.xcconfig */,
				AE4491FEFC9055749413AFA7 /* Pods-H264DecodeFromFile.release.xcconfig */,
			);
			path = Pods;
			sourceTree = "<group>";
		};
		F8C1A8F524568B3B00EA9564 /* Network */ = {
			isa = PBXGroup;
			children = (
				F8C1A8F624568B6F00EA9564 /* TCPClientBCK.swift */,
				F81A86E02465335300E7CDBC /* TCPStreamProcessor.swift */,
				F81A86DC2464FC7800E7CDBC /* TCPClient.swift */,
				F81A86B32463D89C00E7CDBC /* TCPClientVideo.swift */,
				F8C1A8F824568B8200EA9564 /* UDPServer.swift */,
				F8C1A8FA24568B9600EA9564 /* Connection.swift */,
				F8C1A9212458003F00EA9564 /* Server.swift */,
			);
			path = Network;
			sourceTree = "<group>";
		};
		F8C1A8FC2457BF2700EA9564 /* Utils */ = {
			isa = PBXGroup;
			children = (
				F8C1A93D24580E2900EA9564 /* DataStructure */,
				F8C1A90A2457F82500EA9564 /* HexPrinter.swift */,
			);
			path = Utils;
			sourceTree = "<group>";
		};
		F8C1A8FF2457DA2C00EA9564 /* RTP */ = {
			isa = PBXGroup;
			children = (
				F8C1A9092457F62400EA9564 /* Processor */,
			);
			path = RTP;
			sourceTree = "<group>";
		};
		F8C1A9062457F44700EA9564 /* Delegates */ = {
			isa = PBXGroup;
			children = (
				F8C1A9022457DA9900EA9564 /* TransportDelegate.swift */,
				F8C1A93324580ACD00EA9564 /* VideoDecoderDelegate.swift */,
				F8C1A90C2457FB1400EA9564 /* RTPPacketDelegate.swift */,
			);
			path = Delegates;
			sourceTree = "<group>";
		};
		F8C1A9092457F62400EA9564 /* Processor */ = {
			isa = PBXGroup;
			children = (
				F8C1A9002457DA5400EA9564 /* RTPParser.swift */,
				F81A86DE246501E100E7CDBC /* TCPRTPParser.swift */,
			);
			path = Processor;
			sourceTree = "<group>";
		};
		F8C1A9102457FCBE00EA9564 /* Video */ = {
			isa = PBXGroup;
			children = (
				F8C1A92324580A6800EA9564 /* AVCDefragmenter.swift */,
				F8C1A92824580A9200EA9564 /* FragmentedNALUnit.swift */,
			);
			path = Video;
			sourceTree = "<group>";
		};
		F8C1A93D24580E2900EA9564 /* DataStructure */ = {
			isa = PBXGroup;
			children = (
				F8C1A93E2458169300EA9564 /* Video */,
				F8C1A90E2457FC2D00EA9564 /* ByteUtil.swift */,
				F8C1A9042457F40000EA9564 /* RTPPacket.swift */,
			);
			path = DataStructure;
			sourceTree = "<group>";
		};
		F8C1A93E2458169300EA9564 /* Video */ = {
			isa = PBXGroup;
			children = (
				F8C1A92524580A9200EA9564 /* AVCNALUFragment.swift */,
				F8C1A92724580A9200EA9564 /* AVCNALUnit.swift */,
				F8C1A92A24580A9200EA9564 /* NALUnit.swift */,
			);
			path = Video;
			sourceTree = "<group>";
		};
/* End PBXGroup section */

/* Begin PBXNativeTarget section */
		F853AECF2452CCEE0037DDED /* H264DecodeFromFile */ = {
			isa = PBXNativeTarget;
			buildConfigurationList = F853AEE42452CCF30037DDED /* Build configuration list for PBXNativeTarget "H264DecodeFromFile" */;
			buildPhases = (
				DB8A707183A159996872CDDE /* [CP] Check Pods Manifest.lock */,
				F853AECC2452CCEE0037DDED /* Sources */,
				F853AECD2452CCEE0037DDED /* Frameworks */,
				F853AECE2452CCEE0037DDED /* Resources */,
				531A7CE045211673410F646D /* [CP] Embed Pods Frameworks */,
			);
			buildRules = (
			);
			dependencies = (
			);
			name = H264DecodeFromFile;
			productName = H264DecodeFromFile;
			productReference = F853AED02452CCEE0037DDED /* H264DecodeFromFile.app */;
			productType = "com.apple.product-type.application";
		};
/* End PBXNativeTarget section */

/* Begin PBXProject section */
		F853AEC82452CCEE0037DDED /* Project object */ = {
			isa = PBXProject;
			attributes = {
				LastSwiftUpdateCheck = 1120;
				LastUpgradeCheck = 1120;
				ORGANIZATIONNAME = "Anish Byanjankar";
				TargetAttributes = {
					F853AECF2452CCEE0037DDED = {
						CreatedOnToolsVersion = 11.2;
					};
				};
			};
			buildConfigurationList = F853AECB2452CCEE0037DDED /* Build configuration list for PBXProject "H264DecodeFromFile" */;
			compatibilityVersion = "Xcode 9.3";
			developmentRegion = en;
			hasScannedForEncodings = 0;
			knownRegions = (
				en,
				Base,
			);
			mainGroup = F853AEC72452CCEE0037DDED;
			productRefGroup = F853AED12452CCEE0037DDED /* Products */;
			projectDirPath = "";
			projectRoot = "";
			targets = (
				F853AECF2452CCEE0037DDED /* H264DecodeFromFile */,
			);
		};
/* End PBXProject section */

/* Begin PBXResourcesBuildPhase section */
		F853AECE2452CCEE0037DDED /* Resources */ = {
			isa = PBXResourcesBuildPhase;
			buildActionMask = 2147483647;
			files = (
				F853AEEF2452CE440037DDED /* H264.h264 in Resources */,
				F853AEE02452CCF30037DDED /* LaunchScreen.storyboard in Resources */,
				F853AEEA2452CE150037DDED /* mtv.h264 in Resources */,
				F853AEDD2452CCF30037DDED /* Assets.xcassets in Resources */,
				F8C1A940245BDECA00EA9564 /* out.h264 in Resources */,
				F853AEDB2452CCEE0037DDED /* Main.storyboard in Resources */,
				F853AEF02452CE440037DDED /* nature.h264 in Resources */,
			);
			runOnlyForDeploymentPostprocessing = 0;
		};
/* End PBXResourcesBuildPhase section */

/* Begin PBXShellScriptBuildPhase section */
		531A7CE045211673410F646D /* [CP] Embed Pods Frameworks */ = {
			isa = PBXShellScriptBuildPhase;
			buildActionMask = 2147483647;
			files = (
			);
			inputFileListPaths = (
				"${PODS_ROOT}/Target Support Files/Pods-H264DecodeFromFile/Pods-H264DecodeFromFile-frameworks-${CONFIGURATION}-input-files.xcfilelist",
			);
			name = "[CP] Embed Pods Frameworks";
			outputFileListPaths = (
				"${PODS_ROOT}/Target Support Files/Pods-H264DecodeFromFile/Pods-H264DecodeFromFile-frameworks-${CONFIGURATION}-output-files.xcfilelist",
			);
			runOnlyForDeploymentPostprocessing = 0;
			shellPath = /bin/sh;
			shellScript = "\"${PODS_ROOT}/Target Support Files/Pods-H264DecodeFromFile/Pods-H264DecodeFromFile-frameworks.sh\"\n";
			showEnvVarsInLog = 0;
		};
		DB8A707183A159996872CDDE /* [CP] Check Pods Manifest.lock */ = {
			isa = PBXShellScriptBuildPhase;
			buildActionMask = 2147483647;
			files = (
			);
			inputFileListPaths = (
			);
			inputPaths = (
				"${PODS_PODFILE_DIR_PATH}/Podfile.lock",
				"${PODS_ROOT}/Manifest.lock",
			);
			name = "[CP] Check Pods Manifest.lock";
			outputFileListPaths = (
			);
			outputPaths = (
				"$(DERIVED_FILE_DIR)/Pods-H264DecodeFromFile-checkManifestLockResult.txt",
			);
			runOnlyForDeploymentPostprocessing = 0;
			shellPath = /bin/sh;
			shellScript = "diff \"${PODS_PODFILE_DIR_PATH}/Podfile.lock\" \"${PODS_ROOT}/Manifest.lock\" > /dev/null\nif [ $? != 0 ] ; then\n    # print error to STDERR\n    echo \"error: The sandbox is not in sync with the Podfile.lock. Run 'pod install' or update your CocoaPods installation.\" >&2\n    exit 1\nfi\n# This output is used by Xcode 'outputs' to avoid re-running this script phase.\necho \"SUCCESS\" > \"${SCRIPT_OUTPUT_FILE_0}\"\n";
			showEnvVarsInLog = 0;
		};
/* End PBXShellScriptBuildPhase section */

/* Begin PBXSourcesBuildPhase section */
		F853AECC2452CCEE0037DDED /* Sources */ = {
			isa = PBXSourcesBuildPhase;
			buildActionMask = 2147483647;
			files = (
				F8C1A92E24580A9200EA9564 /* AVCNALUnit.swift in Sources */,
				F8C1A93124580A9200EA9564 /* NALUnit.swift in Sources */,
				F8C1A93424580ACD00EA9564 /* VideoDecoderDelegate.swift in Sources */,
				F8C1A8F924568B8200EA9564 /* UDPServer.swift in Sources */,
				F81A86DD2464FC7800E7CDBC /* TCPClient.swift in Sources */,
				F8C1A90F2457FC2D00EA9564 /* ByteUtil.swift in Sources */,
				F8C1A92C24580A9200EA9564 /* AVCNALUFragment.swift in Sources */,
				F8C1A9052457F40000EA9564 /* RTPPacket.swift in Sources */,
				F853AED82452CCEE0037DDED /* ViewController.swift in Sources */,
				F8C1A8F724568B6F00EA9564 /* TCPClientBCK.swift in Sources */,
				F8C1A90D2457FB1400EA9564 /* RTPPacketDelegate.swift in Sources */,
				F8C1A90B2457F82500EA9564 /* HexPrinter.swift in Sources */,
				F8C1A9032457DA9900EA9564 /* TransportDelegate.swift in Sources */,
				F81A86B42463D89C00E7CDBC /* TCPClientVideo.swift in Sources */,
				F81A86E12465335300E7CDBC /* TCPStreamProcessor.swift in Sources */,
				F853AED42452CCEE0037DDED /* AppDelegate.swift in Sources */,
				F8C1A9222458003F00EA9564 /* Server.swift in Sources */,
				F8C1A92F24580A9200EA9564 /* FragmentedNALUnit.swift in Sources */,
				F853AEE82452CD170037DDED /* VideoFileReader.swift in Sources */,
				F853AED62452CCEE0037DDED /* SceneDelegate.swift in Sources */,
				F8C1A8FB24568B9600EA9564 /* Connection.swift in Sources */,
				F81A86DF246501E100E7CDBC /* TCPRTPParser.swift in Sources */,
				F8C1A92424580A6800EA9564 /* AVCDefragmenter.swift in Sources */,
				F8C1A9012457DA5400EA9564 /* RTPParser.swift in Sources */,
			);
			runOnlyForDeploymentPostprocessing = 0;
		};
/* End PBXSourcesBuildPhase section */

/* Begin PBXVariantGroup section */
		F853AED92452CCEE0037DDED /* Main.storyboard */ = {
			isa = PBXVariantGroup;
			children = (
				F853AEDA2452CCEE0037DDED /* Base */,
			);
			name = Main.storyboard;
			sourceTree = "<group>";
		};
		F853AEDE2452CCF30037DDED /* LaunchScreen.storyboard */ = {
			isa = PBXVariantGroup;
			children = (
				F853AEDF2452CCF30037DDED /* Base */,
			);
			name = LaunchScreen.storyboard;
			sourceTree = "<group>";
		};
/* End PBXVariantGroup section */

/* Begin XCBuildConfiguration section */
		F853AEE22452CCF30037DDED /* Debug */ = {
			isa = XCBuildConfiguration;
			buildSettings = {
				ALWAYS_SEARCH_USER_PATHS = NO;
				CLANG_ANALYZER_NONNULL = YES;
				CLANG_ANALYZER_NUMBER_OBJECT_CONVERSION = YES_AGGRESSIVE;
				CLANG_CXX_LANGUAGE_STANDARD = "gnu++14";
				CLANG_CXX_LIBRARY = "libc++";
				CLANG_ENABLE_MODULES = YES;
				CLANG_ENABLE_OBJC_ARC = YES;
				CLANG_ENABLE_OBJC_WEAK = YES;
				CLANG_WARN_BLOCK_CAPTURE_AUTORELEASING = YES;
				CLANG_WARN_BOOL_CONVERSION = YES;
				CLANG_WARN_COMMA = YES;
				CLANG_WARN_CONSTANT_CONVERSION = YES;
				CLANG_WARN_DEPRECATED_OBJC_IMPLEMENTATIONS = YES;
				CLANG_WARN_DIRECT_OBJC_ISA_USAGE = YES_ERROR;
				CLANG_WARN_DOCUMENTATION_COMMENTS = YES;
				CLANG_WARN_EMPTY_BODY = YES;
				CLANG_WARN_ENUM_CONVERSION = YES;
				CLANG_WARN_INFINITE_RECURSION = YES;
				CLANG_WARN_INT_CONVERSION = YES;
				CLANG_WARN_NON_LITERAL_NULL_CONVERSION = YES;
				CLANG_WARN_OBJC_IMPLICIT_RETAIN_SELF = YES;
				CLANG_WARN_OBJC_LITERAL_CONVERSION = YES;
				CLANG_WARN_OBJC_ROOT_CLASS = YES_ERROR;
				CLANG_WARN_RANGE_LOOP_ANALYSIS = YES;
				CLANG_WARN_STRICT_PROTOTYPES = YES;
				CLANG_WARN_SUSPICIOUS_MOVE = YES;
				CLANG_WARN_UNGUARDED_AVAILABILITY = YES_AGGRESSIVE;
				CLANG_WARN_UNREACHABLE_CODE = YES;
				CLANG_WARN__DUPLICATE_METHOD_MATCH = YES;
				COPY_PHASE_STRIP = NO;
				DEBUG_INFORMATION_FORMAT = dwarf;
				ENABLE_STRICT_OBJC_MSGSEND = YES;
				ENABLE_TESTABILITY = YES;
				GCC_C_LANGUAGE_STANDARD = gnu11;
				GCC_DYNAMIC_NO_PIC = NO;
				GCC_NO_COMMON_BLOCKS = YES;
				GCC_OPTIMIZATION_LEVEL = 0;
				GCC_PREPROCESSOR_DEFINITIONS = (
					"DEBUG=1",
					"$(inherited)",
				);
				GCC_WARN_64_TO_32_BIT_CONVERSION = YES;
				GCC_WARN_ABOUT_RETURN_TYPE = YES_ERROR;
				GCC_WARN_UNDECLARED_SELECTOR = YES;
				GCC_WARN_UNINITIALIZED_AUTOS = YES_AGGRESSIVE;
				GCC_WARN_UNUSED_FUNCTION = YES;
				GCC_WARN_UNUSED_VARIABLE = YES;
				IPHONEOS_DEPLOYMENT_TARGET = 13.2;
				MTL_ENABLE_DEBUG_INFO = INCLUDE_SOURCE;
				MTL_FAST_MATH = YES;
				ONLY_ACTIVE_ARCH = YES;
				SDKROOT = iphoneos;
				SWIFT_ACTIVE_COMPILATION_CONDITIONS = DEBUG;
				SWIFT_OPTIMIZATION_LEVEL = "-Onone";
			};
			name = Debug;
		};
		F853AEE32452CCF30037DDED /* Release */ = {
			isa = XCBuildConfiguration;
			buildSettings = {
				ALWAYS_SEARCH_USER_PATHS = NO;
				CLANG_ANALYZER_NONNULL = YES;
				CLANG_ANALYZER_NUMBER_OBJECT_CONVERSION = YES_AGGRESSIVE;
				CLANG_CXX_LANGUAGE_STANDARD = "gnu++14";
				CLANG_CXX_LIBRARY = "libc++";
				CLANG_ENABLE_MODULES = YES;
				CLANG_ENABLE_OBJC_ARC = YES;
				CLANG_ENABLE_OBJC_WEAK = YES;
				CLANG_WARN_BLOCK_CAPTURE_AUTORELEASING = YES;
				CLANG_WARN_BOOL_CONVERSION = YES;
				CLANG_WARN_COMMA = YES;
				CLANG_WARN_CONSTANT_CONVERSION = YES;
				CLANG_WARN_DEPRECATED_OBJC_IMPLEMENTATIONS = YES;
				CLANG_WARN_DIRECT_OBJC_ISA_USAGE = YES_ERROR;
				CLANG_WARN_DOCUMENTATION_COMMENTS = YES;
				CLANG_WARN_EMPTY_BODY = YES;
				CLANG_WARN_ENUM_CONVERSION = YES;
				CLANG_WARN_INFINITE_RECURSION = YES;
				CLANG_WARN_INT_CONVERSION = YES;
				CLANG_WARN_NON_LITERAL_NULL_CONVERSION = YES;
				CLANG_WARN_OBJC_IMPLICIT_RETAIN_SELF = YES;
				CLANG_WARN_OBJC_LITERAL_CONVERSION = YES;
				CLANG_WARN_OBJC_ROOT_CLASS = YES_ERROR;
				CLANG_WARN_RANGE_LOOP_ANALYSIS = YES;
				CLANG_WARN_STRICT_PROTOTYPES = YES;
				CLANG_WARN_SUSPICIOUS_MOVE = YES;
				CLANG_WARN_UNGUARDED_AVAILABILITY = YES_AGGRESSIVE;
				CLANG_WARN_UNREACHABLE_CODE = YES;
				CLANG_WARN__DUPLICATE_METHOD_MATCH = YES;
				COPY_PHASE_STRIP = NO;
				DEBUG_INFORMATION_FORMAT = "dwarf-with-dsym";
				ENABLE_NS_ASSERTIONS = NO;
				ENABLE_STRICT_OBJC_MSGSEND = YES;
				GCC_C_LANGUAGE_STANDARD = gnu11;
				GCC_NO_COMMON_BLOCKS = YES;
				GCC_WARN_64_TO_32_BIT_CONVERSION = YES;
				GCC_WARN_ABOUT_RETURN_TYPE = YES_ERROR;
				GCC_WARN_UNDECLARED_SELECTOR = YES;
				GCC_WARN_UNINITIALIZED_AUTOS = YES_AGGRESSIVE;
				GCC_WARN_UNUSED_FUNCTION = YES;
				GCC_WARN_UNUSED_VARIABLE = YES;
				IPHONEOS_DEPLOYMENT_TARGET = 13.2;
				MTL_ENABLE_DEBUG_INFO = NO;
				MTL_FAST_MATH = YES;
				SDKROOT = iphoneos;
				SWIFT_COMPILATION_MODE = wholemodule;
				SWIFT_OPTIMIZATION_LEVEL = "-O";
				VALIDATE_PRODUCT = YES;
			};
			name = Release;
		};
		F853AEE52452CCF30037DDED /* Debug */ = {
			isa = XCBuildConfiguration;
			baseConfigurationReference = 36C976C2DED4C895C6C72B68 /* Pods-H264DecodeFromFile.debug.xcconfig */;
			buildSettings = {
				ASSETCATALOG_COMPILER_APPICON_NAME = AppIcon;
				CODE_SIGN_STYLE = Automatic;
				DEVELOPMENT_TEAM = CHDJX2H9Y9;
				INFOPLIST_FILE = H264DecodeFromFile/Info.plist;
				LD_RUNPATH_SEARCH_PATHS = (
					"$(inherited)",
					"@executable_path/Frameworks",
				);
				PRODUCT_BUNDLE_IDENTIFIER = cps.H264DecodeFromFile33;
				PRODUCT_NAME = "$(TARGET_NAME)";
				SWIFT_VERSION = 5.0;
				TARGETED_DEVICE_FAMILY = "1,2";
			};
			name = Debug;
		};
		F853AEE62452CCF30037DDED /* Release */ = {
			isa = XCBuildConfiguration;
			baseConfigurationReference = AE4491FEFC9055749413AFA7 /* Pods-H264DecodeFromFile.release.xcconfig */;
			buildSettings = {
				ASSETCATALOG_COMPILER_APPICON_NAME = AppIcon;
				CODE_SIGN_STYLE = Automatic;
				DEVELOPMENT_TEAM = CHDJX2H9Y9;
				INFOPLIST_FILE = H264DecodeFromFile/Info.plist;
				LD_RUNPATH_SEARCH_PATHS = (
					"$(inherited)",
					"@executable_path/Frameworks",
				);
				PRODUCT_BUNDLE_IDENTIFIER = cps.H264DecodeFromFile33;
				PRODUCT_NAME = "$(TARGET_NAME)";
				SWIFT_VERSION = 5.0;
				TARGETED_DEVICE_FAMILY = "1,2";
			};
			name = Release;
		};
/* End XCBuildConfiguration section */

/* Begin XCConfigurationList section */
		F853AECB2452CCEE0037DDED /* Build configuration list for PBXProject "H264DecodeFromFile" */ = {
			isa = XCConfigurationList;
			buildConfigurations = (
				F853AEE22452CCF30037DDED /* Debug */,
				F853AEE32452CCF30037DDED /* Release */,
			);
			defaultConfigurationIsVisible = 0;
			defaultConfigurationName = Release;
		};
		F853AEE42452CCF30037DDED /* Build configuration list for PBXNativeTarget "H264DecodeFromFile" */ = {
			isa = XCConfigurationList;
			buildConfigurations = (
				F853AEE52452CCF30037DDED /* Debug */,
				F853AEE62452CCF30037DDED /* Release */,
			);
			defaultConfigurationIsVisible = 0;
			defaultConfigurationName = Release;
		};
/* End XCConfigurationList section */
	};
	rootObject = F853AEC82452CCEE0037DDED /* Project object */;
}
